
Microsoft Visual Studio Solution File, Format Version 12.00
# Visual Studio Version 17
VisualStudioVersion = 17.14.37216.2 d17.14
MinimumVisualStudioVersion = 10.0.40219.1
Project("{FAE04EC0-301F-11D3-BF4B-00C04F79EFBC}") = "MediaApp2", "MediaApp2.csproj", "{991102F7-79B7-6E19-4B1B-F14BFDEB6175}"
EndProject
Global
	GlobalSection(SolutionConfigurationPlatforms) = preSolution
		Debug|Any CPU = Debug|Any CPU
		Release|Any CPU = Release|Any CPU
	EndGlobalSection
	GlobalSection(ProjectConfigurationPlatforms) = postSolution
		{991102F7-79B7-6E19-4B1B-F14BFDEB6175}.Debug|Any CPU.ActiveCfg = Debug|Any CPU
		{991102F7-79B7-6E19-4B1B-F14BFDEB6175}.Debug|Any CPU.Build.0 = Debug|Any CPU
		{991102F7-79B7-6E19-4B1B-F14BFDEB6175}.Release|Any CPU.ActiveCfg = Release|Any CPU
		{991102F7-79B7-6E19-4B1B-F14BFDEB6175}.Release|Any CPU.Build.0 = Release|Any CPU
	EndGlobalSection
	GlobalSection(SolutionProperties) = preSolution
		HideSolutionNode = FALSE
	EndGlobalSection
	GlobalSection(ExtensibilityGlobals) = postSolution
		SolutionGuid = {4527F765-6BBF-42FE-8B2F-884B6987EC9F}
	EndGlobalSection
EndGlobal
